
Microsoft Visual Studio Solution File, Format Version 12.00
# Visual Studio Version 17
VisualStudioVersion = 17.2.32526.322
MinimumVisualStudioVersion = 10.0.40219.1
Project("{9A19103F-16F7-4668-BE54-9A1E7A4F7556}") = "ShakalikBot", "ShakallyBot\ShakalikBot.csproj", "{05484043-BC04-4FB4-9C80-6D73515701D7}"
EndProject
Project("{9A19103F-16F7-4668-BE54-9A1E7A4F7556}") = "Shakkaler", "D:\Jejikeh\programming\.net\shakaly\ShakallerImageCompression\Shakaller\Shakkaler\Shakkaler\Shakkaler.csproj", "{53F3BA8B-8821-4B4B-BD53-7070FEE5AEEA}"
EndProject
Global
	GlobalSection(SolutionConfigurationPlatforms) = preSolution
		Debug|Any CPU = Debug|Any CPU
		Release|Any CPU = Release|Any CPU
	EndGlobalSection
	GlobalSection(ProjectConfigurationPlatforms) = postSolution
		{05484043-BC04-4FB4-9C80-6D73515701D7}.Debug|Any CPU.ActiveCfg = Debug|Any CPU
		{05484043-BC04-4FB4-9C80-6D73515701D7}.Debug|Any CPU.Build.0 = Debug|Any CPU
		{05484043-BC04-4FB4-9C80-6D73515701D7}.Release|Any CPU.ActiveCfg = Release|Any CPU
		{05484043-BC04-4FB4-9C80-6D73515701D7}.Release|Any CPU.Build.0 = Release|Any CPU
		{53F3BA8B-8821-4B4B-BD53-7070FEE5AEEA}.Debug|Any CPU.ActiveCfg = Debug|Any CPU
		{53F3BA8B-8821-4B4B-BD53-7070FEE5AEEA}.Debug|Any CPU.Build.0 = Debug|Any CPU
		{53F3BA8B-8821-4B4B-BD53-7070FEE5AEEA}.Release|Any CPU.ActiveCfg = Release|Any CPU
		{53F3BA8B-8821-4B4B-BD53-7070FEE5AEEA}.Release|Any CPU.Build.0 = Release|Any CPU
	EndGlobalSection
	GlobalSection(SolutionProperties) = preSolution
		HideSolutionNode = FALSE
	EndGlobalSection
	GlobalSection(ExtensibilityGlobals) = postSolution
		SolutionGuid = {58B78951-19DC-4B35-8EF8-C8B199D4CDD9}
	EndGlobalSection
EndGlobal
